
Microsoft Visual Studio Solution File, Format Version 12.00
# Visual Studio Version 17
VisualStudioVersion = 17.11.35219.272
MinimumVisualStudioVersion = 10.0.40219.1
Project("{FAE04EC0-301F-11D3-BF4B-00C04F79EFBC}") = "Homework3_Part1", "Homework3_Part1.csproj", "{430E5D62-2B38-4F17-A9B2-3278371FAFB6}"
EndProject
Global
	GlobalSection(SolutionConfigurationPlatforms) = preSolution
		Debug|Any CPU = Debug|Any CPU
		Release|Any CPU = Release|Any CPU
	EndGlobalSection
	GlobalSection(ProjectConfigurationPlatforms) = postSolution
		{430E5D62-2B38-4F17-A9B2-3278371FAFB6}.Debug|Any CPU.ActiveCfg = Debug|Any CPU
		{430E5D62-2B38-4F17-A9B2-3278371FAFB6}.Debug|Any CPU.Build.0 = Debug|Any CPU
		{430E5D62-2B38-4F17-A9B2-3278371FAFB6}.Release|Any CPU.ActiveCfg = Release|Any CPU
		{430E5D62-2B38-4F17-A9B2-3278371FAFB6}.Release|Any CPU.Build.0 = Release|Any CPU
	EndGlobalSection
	GlobalSection(SolutionProperties) = preSolution
		HideSolutionNode = FALSE
	EndGlobalSection
	GlobalSection(ExtensibilityGlobals) = postSolution
		SolutionGuid = {059642A7-ACAF-4296-A5B3-C079B45829E9}
	EndGlobalSection
EndGlobal
